
Microsoft Visual Studio Solution File, Format Version 12.00
# Visual Studio Version 17
VisualStudioVersion = 17.4.33122.133
MinimumVisualStudioVersion = 10.0.40219.1
Project("{9A19103F-16F7-4668-BE54-9A1E7A4F7556}") = "Practical_Training", "Practical_Training\Practical_Training.csproj", "{824AA52F-2EDF-446A-9A03-291622273953}"
EndProject
Global
	GlobalSection(SolutionConfigurationPlatforms) = preSolution
		Debug|Any CPU = Debug|Any CPU
		Release|Any CPU = Release|Any CPU
	EndGlobalSection
	GlobalSection(ProjectConfigurationPlatforms) = postSolution
		{824AA52F-2EDF-446A-9A03-291622273953}.Debug|Any CPU.ActiveCfg = Debug|Any CPU
		{824AA52F-2EDF-446A-9A03-291622273953}.Debug|Any CPU.Build.0 = Debug|Any CPU
		{824AA52F-2EDF-446A-9A03-291622273953}.Release|Any CPU.ActiveCfg = Release|Any CPU
		{824AA52F-2EDF-446A-9A03-291622273953}.Release|Any CPU.Build.0 = Release|Any CPU
	EndGlobalSection
	GlobalSection(SolutionProperties) = preSolution
		HideSolutionNode = FALSE
	EndGlobalSection
	GlobalSection(ExtensibilityGlobals) = postSolution
		SolutionGuid = {2DE46E06-2A28-4A43-A26A-DA721DCEFC48}
	EndGlobalSection
EndGlobal
